
Microsoft Visual Studio Solution File, Format Version 12.00
# Visual Studio Express 2013 for Web
VisualStudioVersion = 12.0.30723.0
MinimumVisualStudioVersion = 10.0.40219.1
Project("{FAE04EC0-301F-11D3-BF4B-00C04F79EFBC}") = "CarTraderService", "CarTraderService\CarTraderService.csproj", "{3571F01C-BFD7-4A21-9A95-EBDC8AA92955}"
EndProject
Project("{FAE04EC0-301F-11D3-BF4B-00C04F79EFBC}") = "CarTraderWebClient", "CarTraderWebClient\CarTraderWebClient.csproj", "{6DED407C-2821-40CE-858B-0FC2E1B3CB2A}"
EndProject
Project("{FAE04EC0-301F-11D3-BF4B-00C04F79EFBC}") = "CarTraderModel", "CarTraderModel\CarTraderModel.csproj", "{0F926430-AE5C-4683-978B-A5B4AF6CBB61}"
EndProject
Project("{FAE04EC0-301F-11D3-BF4B-00C04F79EFBC}") = "CarTrader.AbstractServices", "CarTrader.AbstractServices\CarTrader.AbstractServices.csproj", "{72ADF5AF-F104-48F5-B5EC-2A01E37B3FD8}"
EndProject
Project("{FAE04EC0-301F-11D3-BF4B-00C04F79EFBC}") = "CarTrader.FakeServices", "CarTrader.FakeServices\CarTrader.FakeServices.csproj", "{E14B644A-59F1-4D0F-B6C9-22B2F296B7B9}"
EndProject
Project("{FAE04EC0-301F-11D3-BF4B-00C04F79EFBC}") = "CarTraderService.UnitTests", "CarTraderService.UnitTests\CarTraderService.UnitTests.csproj", "{52DF65DE-5ED1-4D70-9104-31273ABFEB1A}"
EndProject
Project("{2150E333-8FDC-42A3-9474-1A3956D46DE8}") = ".nuget", ".nuget", "{0B7B8600-8E01-4B5F-AACF-626C27FD797B}"
	ProjectSection(SolutionItems) = preProject
		.nuget\packages.config = .nuget\packages.config
	EndProjectSection
EndProject
Project("{FAE04EC0-301F-11D3-BF4B-00C04F79EFBC}") = "CarTrader.EntityFramework", "CarTrader.EntityFramework\CarTrader.EntityFramework.csproj", "{E282A522-AE11-49CA-A5AB-1119C3630CDB}"
EndProject
Global
	GlobalSection(SolutionConfigurationPlatforms) = preSolution
		Debug|Any CPU = Debug|Any CPU
		Release|Any CPU = Release|Any CPU
	EndGlobalSection
	GlobalSection(ProjectConfigurationPlatforms) = postSolution
		{3571F01C-BFD7-4A21-9A95-EBDC8AA92955}.Debug|Any CPU.ActiveCfg = Debug|Any CPU
		{3571F01C-BFD7-4A21-9A95-EBDC8AA92955}.Debug|Any CPU.Build.0 = Debug|Any CPU
		{3571F01C-BFD7-4A21-9A95-EBDC8AA92955}.Release|Any CPU.ActiveCfg = Release|Any CPU
		{3571F01C-BFD7-4A21-9A95-EBDC8AA92955}.Release|Any CPU.Build.0 = Release|Any CPU
		{6DED407C-2821-40CE-858B-0FC2E1B3CB2A}.Debug|Any CPU.ActiveCfg = Debug|Any CPU
		{6DED407C-2821-40CE-858B-0FC2E1B3CB2A}.Debug|Any CPU.Build.0 = Debug|Any CPU
		{6DED407C-2821-40CE-858B-0FC2E1B3CB2A}.Release|Any CPU.ActiveCfg = Release|Any CPU
		{6DED407C-2821-40CE-858B-0FC2E1B3CB2A}.Release|Any CPU.Build.0 = Release|Any CPU
		{0F926430-AE5C-4683-978B-A5B4AF6CBB61}.Debug|Any CPU.ActiveCfg = Debug|Any CPU
		{0F926430-AE5C-4683-978B-A5B4AF6CBB61}.Debug|Any CPU.Build.0 = Debug|Any CPU
		{0F926430-AE5C-4683-978B-A5B4AF6CBB61}.Release|Any CPU.ActiveCfg = Release|Any CPU
		{0F926430-AE5C-4683-978B-A5B4AF6CBB61}.Release|Any CPU.Build.0 = Release|Any CPU
		{72ADF5AF-F104-48F5-B5EC-2A01E37B3FD8}.Debug|Any CPU.ActiveCfg = Debug|Any CPU
		{72ADF5AF-F104-48F5-B5EC-2A01E37B3FD8}.Debug|Any CPU.Build.0 = Debug|Any CPU
		{72ADF5AF-F104-48F5-B5EC-2A01E37B3FD8}.Release|Any CPU.ActiveCfg = Release|Any CPU
		{72ADF5AF-F104-48F5-B5EC-2A01E37B3FD8}.Release|Any CPU.Build.0 = Release|Any CPU
		{E14B644A-59F1-4D0F-B6C9-22B2F296B7B9}.Debug|Any CPU.ActiveCfg = Debug|Any CPU
		{E14B644A-59F1-4D0F-B6C9-22B2F296B7B9}.Debug|Any CPU.Build.0 = Debug|Any CPU
		{E14B644A-59F1-4D0F-B6C9-22B2F296B7B9}.Release|Any CPU.ActiveCfg = Release|Any CPU
		{E14B644A-59F1-4D0F-B6C9-22B2F296B7B9}.Release|Any CPU.Build.0 = Release|Any CPU
		{52DF65DE-5ED1-4D70-9104-31273ABFEB1A}.Debug|Any CPU.ActiveCfg = Debug|Any CPU
		{52DF65DE-5ED1-4D70-9104-31273ABFEB1A}.Debug|Any CPU.Build.0 = Debug|Any CPU
		{52DF65DE-5ED1-4D70-9104-31273ABFEB1A}.Release|Any CPU.ActiveCfg = Release|Any CPU
		{52DF65DE-5ED1-4D70-9104-31273ABFEB1A}.Release|Any CPU.Build.0 = Release|Any CPU
		{E282A522-AE11-49CA-A5AB-1119C3630CDB}.Debug|Any CPU.ActiveCfg = Debug|Any CPU
		{E282A522-AE11-49CA-A5AB-1119C3630CDB}.Debug|Any CPU.Build.0 = Debug|Any CPU
		{E282A522-AE11-49CA-A5AB-1119C3630CDB}.Release|Any CPU.ActiveCfg = Release|Any CPU
		{E282A522-AE11-49CA-A5AB-1119C3630CDB}.Release|Any CPU.Build.0 = Release|Any CPU
	EndGlobalSection
	GlobalSection(SolutionProperties) = preSolution
		HideSolutionNode = FALSE
	EndGlobalSection
EndGlobal
